// !$*UTF8*$!
{
	archiveVersion = 1;
	classes = {
	};
	objectVersion = 50;
	objects = {

/* Begin PBXBuildFile section */
		073C704A11481AADC088F49B /* libPods-LearnRAC.a in Frameworks */ = {isa = PBXBuildFile; fileRef = 31E00D710558B86AB287383F /* libPods-LearnRAC.a */; };
		D4B2AF2E20EDFB290055B501 /* AppDelegate.m in Sources */ = {isa = PBXBuildFile; fileRef = D4B2AF2D20EDFB290055B501 /* AppDelegate.m */; };
		D4B2AF3120EDFB2A0055B501 /* ViewController.m in Sources */ = {isa = PBXBuildFile; fileRef = D4B2AF3020EDFB2A0055B501 /* ViewController.m */; };
		D4B2AF3420EDFB2A0055B501 /* Main.storyboard in Resources */ = {isa = PBXBuildFile; fileRef = D4B2AF3220EDFB2A0055B501 /* Main.storyboard */; };
		D4B2AF3620EDFB2C0055B501 /* Assets.xcassets in Resources */ = {isa = PBXBuildFile; fileRef = D4B2AF3520EDFB2C0055B501 /* Assets.xcassets */; };
		D4B2AF3920EDFB2C0055B501 /* LaunchScreen.storyboard in Resources */ = {isa = PBXBuildFile; fileRef = D4B2AF3720EDFB2C0055B501 /* LaunchScreen.storyboard */; };
		D4B2AF3C20EDFB2C0055B501 /* main.m in Sources */ = {isa = PBXBuildFile; fileRef = D4B2AF3B20EDFB2C0055B501 /* main.m */; };
		D4B2AF4520EDFB9C0055B501 /* BaseTableViewVC.m in Sources */ = {isa = PBXBuildFile; fileRef = D4B2AF4420EDFB9C0055B501 /* BaseTableViewVC.m */; };
		D4B2AF4920EDFEE60055B501 /* KVOVC.m in Sources */ = {isa = PBXBuildFile; fileRef = D4B2AF4820EDFEE60055B501 /* KVOVC.m */; };
		D4B2AF4C20EE15FC0055B501 /* DelegateVC.m in Sources */ = {isa = PBXBuildFile; fileRef = D4B2AF4B20EE15FC0055B501 /* DelegateVC.m */; };
		D4B2AF4F20EE293A0055B501 /* EventVC.m in Sources */ = {isa = PBXBuildFile; fileRef = D4B2AF4E20EE293A0055B501 /* EventVC.m */; };
		D4B2AF5220EF094A0055B501 /* SignalVC.m in Sources */ = {isa = PBXBuildFile; fileRef = D4B2AF5120EF094A0055B501 /* SignalVC.m */; };
		D4B2AF5520EF50570055B501 /* TimerVC.m in Sources */ = {isa = PBXBuildFile; fileRef = D4B2AF5420EF50570055B501 /* TimerVC.m */; };
		D4B2AF5820EF54820055B501 /* SignalActionVC.m in Sources */ = {isa = PBXBuildFile; fileRef = D4B2AF5720EF54820055B501 /* SignalActionVC.m */; };
		D4B2AF5C20F2F7FE0055B501 /* Person.m in Sources */ = {isa = PBXBuildFile; fileRef = D4B2AF5B20F2F7FE0055B501 /* Person.m */; };
		D4B2AF6020F2F8620055B501 /* PersonInfoVC.m in Sources */ = {isa = PBXBuildFile; fileRef = D4B2AF5E20F2F8620055B501 /* PersonInfoVC.m */; };
		D4B2AF6120F2F8620055B501 /* PersonInfoVC.xib in Resources */ = {isa = PBXBuildFile; fileRef = D4B2AF5F20F2F8620055B501 /* PersonInfoVC.xib */; };
		D4B2AF6520F2F87D0055B501 /* PersonInfoEditVC.m in Sources */ = {isa = PBXBuildFile; fileRef = D4B2AF6320F2F87D0055B501 /* PersonInfoEditVC.m */; };
		D4B2AF6620F2F87D0055B501 /* PersonInfoEditVC.xib in Resources */ = {isa = PBXBuildFile; fileRef = D4B2AF6420F2F87D0055B501 /* PersonInfoEditVC.xib */; };
		D4B2AF6D20F45D2F0055B501 /* TestSwizzle.m in Sources */ = {isa = PBXBuildFile; fileRef = D4B2AF6C20F45D2F0055B501 /* TestSwizzle.m */; };
/* End PBXBuildFile section */

/* Begin PBXFileReference section */
		21262561EA576CF54B609D88 /* Pods-LearnRAC.release.xcconfig */ = {isa = PBXFileReference; includeInIndex = 1; lastKnownFileType = text.xcconfig; name = "Pods-LearnRAC.release.xcconfig"; path = "Pods/Target Support Files/Pods-LearnRAC/Pods-LearnRAC.release.xcconfig"; sourceTree = "<group>"; };
		31E00D710558B86AB287383F /* libPods-LearnRAC.a */ = {isa = PBXFileReference; explicitFileType = archive.ar; includeInIndex = 0; path = "libPods-LearnRAC.a"; sourceTree = BUILT_PRODUCTS_DIR; };
		937910A95003093F4F7BABAA /* Pods-LearnRAC.debug.xcconfig */ = {isa = PBXFileReference; includeInIndex = 1; lastKnownFileType = text.xcconfig; name = "Pods-LearnRAC.debug.xcconfig"; path = "Pods/Target Support Files/Pods-LearnRAC/Pods-LearnRAC.debug.xcconfig"; sourceTree = "<group>"; };
		D4B2AF2920EDFB290055B501 /* LearnRAC.app */ = {isa = PBXFileReference; explicitFileType = wrapper.application; includeInIndex = 0; path = LearnRAC.app; sourceTree = BUILT_PRODUCTS_DIR; };
		D4B2AF2C20EDFB290055B501 /* AppDelegate.h */ = {isa = PBXFileReference; lastKnownFileType = sourcecode.c.h; path = AppDelegate.h; sourceTree = "<group>"; };
		D4B2AF2D20EDFB290055B501 /* AppDelegate.m */ = {isa = PBXFileReference; lastKnownFileType = sourcecode.c.objc; path = AppDelegate.m; sourceTree = "<group>"; };
		D4B2AF2F20EDFB290055B501 /* ViewController.h */ = {isa = PBXFileReference; lastKnownFileType = sourcecode.c.h; path = ViewController.h; sourceTree = "<group>"; };
		D4B2AF3020EDFB2A0055B501 /* ViewController.m */ = {isa = PBXFileReference; lastKnownFileType = sourcecode.c.objc; path = ViewController.m; sourceTree = "<group>"; };
		D4B2AF3320EDFB2A0055B501 /* Base */ = {isa = PBXFileReference; lastKnownFileType = file.storyboard; name = Base; path = Base.lproj/Main.storyboard; sourceTree = "<group>"; };
		D4B2AF3520EDFB2C0055B501 /* Assets.xcassets */ = {isa = PBXFileReference; lastKnownFileType = folder.assetcatalog; path = Assets.xcassets; sourceTree = "<group>"; };
		D4B2AF3820EDFB2C0055B501 /* Base */ = {isa = PBXFileReference; lastKnownFileType = file.storyboard; name = Base; path = Base.lproj/LaunchScreen.storyboard; sourceTree = "<group>"; };
		D4B2AF3A20EDFB2C0055B501 /* Info.plist */ = {isa = PBXFileReference; lastKnownFileType = text.plist.xml; path = Info.plist; sourceTree = "<group>"; };
		D4B2AF3B20EDFB2C0055B501 /* main.m */ = {isa = PBXFileReference; lastKnownFileType = sourcecode.c.objc; path = main.m; sourceTree = "<group>"; };
		D4B2AF4320EDFB9C0055B501 /* BaseTableViewVC.h */ = {isa = PBXFileReference; lastKnownFileType = sourcecode.c.h; path = BaseTableViewVC.h; sourceTree = "<group>"; };
		D4B2AF4420EDFB9C0055B501 /* BaseTableViewVC.m */ = {isa = PBXFileReference; lastKnownFileType = sourcecode.c.objc; path = BaseTableViewVC.m; sourceTree = "<group>"; };
		D4B2AF4720EDFEE60055B501 /* KVOVC.h */ = {isa = PBXFileReference; lastKnownFileType = sourcecode.c.h; path = KVOVC.h; sourceTree = "<group>"; };
		D4B2AF4820EDFEE60055B501 /* KVOVC.m */ = {isa = PBXFileReference; lastKnownFileType = sourcecode.c.objc; path = KVOVC.m; sourceTree = "<group>"; };
		D4B2AF4A20EE15FC0055B501 /* DelegateVC.h */ = {isa = PBXFileReference; lastKnownFileType = sourcecode.c.h; path = DelegateVC.h; sourceTree = "<group>"; };
		D4B2AF4B20EE15FC0055B501 /* DelegateVC.m */ = {isa = PBXFileReference; lastKnownFileType = sourcecode.c.objc; path = DelegateVC.m; sourceTree = "<group>"; };
		D4B2AF4D20EE293A0055B501 /* EventVC.h */ = {isa = PBXFileReference; lastKnownFileType = sourcecode.c.h; path = EventVC.h; sourceTree = "<group>"; };
		D4B2AF4E20EE293A0055B501 /* EventVC.m */ = {isa = PBXFileReference; lastKnownFileType = sourcecode.c.objc; path = EventVC.m; sourceTree = "<group>"; };
		D4B2AF5020EF094A0055B501 /* SignalVC.h */ = {isa = PBXFileReference; lastKnownFileType = sourcecode.c.h; path = SignalVC.h; sourceTree = "<group>"; };
		D4B2AF5120EF094A0055B501 /* SignalVC.m */ = {isa = PBXFileReference; lastKnownFileType = sourcecode.c.objc; path = SignalVC.m; sourceTree = "<group>"; };
		D4B2AF5320EF50570055B501 /* TimerVC.h */ = {isa = PBXFileReference; lastKnownFileType = sourcecode.c.h; path = TimerVC.h; sourceTree = "<group>"; };
		D4B2AF5420EF50570055B501 /* TimerVC.m */ = {isa = PBXFileReference; lastKnownFileType = sourcecode.c.objc; path = TimerVC.m; sourceTree = "<group>"; };
		D4B2AF5620EF54820055B501 /* SignalActionVC.h */ = {isa = PBXFileReference; lastKnownFileType = sourcecode.c.h; path = SignalActionVC.h; sourceTree = "<group>"; };
		D4B2AF5720EF54820055B501 /* SignalActionVC.m */ = {isa = PBXFileReference; lastKnownFileType = sourcecode.c.objc; path = SignalActionVC.m; sourceTree = "<group>"; };
		D4B2AF5A20F2F7FE0055B501 /* Person.h */ = {isa = PBXFileReference; lastKnownFileType = sourcecode.c.h; path = Person.h; sourceTree = "<group>"; };
		D4B2AF5B20F2F7FE0055B501 /* Person.m */ = {isa = PBXFileReference; lastKnownFileType = sourcecode.c.objc; path = Person.m; sourceTree = "<group>"; };
		D4B2AF5D20F2F8620055B501 /* PersonInfoVC.h */ = {isa = PBXFileReference; lastKnownFileType = sourcecode.c.h; path = PersonInfoVC.h; sourceTree = "<group>"; };
		D4B2AF5E20F2F8620055B501 /* PersonInfoVC.m */ = {isa = PBXFileReference; lastKnownFileType = sourcecode.c.objc; path = PersonInfoVC.m; sourceTree = "<group>"; };
		D4B2AF5F20F2F8620055B501 /* PersonInfoVC.xib */ = {isa = PBXFileReference; lastKnownFileType = file.xib; path = PersonInfoVC.xib; sourceTree = "<group>"; };
		D4B2AF6220F2F87D0055B501 /* PersonInfoEditVC.h */ = {isa = PBXFileReference; lastKnownFileType = sourcecode.c.h; path = PersonInfoEditVC.h; sourceTree = "<group>"; };
		D4B2AF6320F2F87D0055B501 /* PersonInfoEditVC.m */ = {isa = PBXFileReference; lastKnownFileType = sourcecode.c.objc; path = PersonInfoEditVC.m; sourceTree = "<group>"; };
		D4B2AF6420F2F87D0055B501 /* PersonInfoEditVC.xib */ = {isa = PBXFileReference; lastKnownFileType = file.xib; path = PersonInfoEditVC.xib; sourceTree = "<group>"; };
		D4B2AF6B20F45D2F0055B501 /* TestSwizzle.h */ = {isa = PBXFileReference; lastKnownFileType = sourcecode.c.h; path = TestSwizzle.h; sourceTree = "<group>"; };
		D4B2AF6C20F45D2F0055B501 /* TestSwizzle.m */ = {isa = PBXFileReference; lastKnownFileType = sourcecode.c.objc; path = TestSwizzle.m; sourceTree = "<group>"; };
/* End PBXFileReference section */

/* Begin PBXFrameworksBuildPhase section */
		D4B2AF2620EDFB290055B501 /* Frameworks */ = {
			isa = PBXFrameworksBuildPhase;
			buildActionMask = 2147483647;
			files = (
				073C704A11481AADC088F49B /* libPods-LearnRAC.a in Frameworks */,
			);
			runOnlyForDeploymentPostprocessing = 0;
		};
/* End PBXFrameworksBuildPhase section */

/* Begin PBXGroup section */
		26948C80B824FB56C3BB4927 /* Frameworks */ = {
			isa = PBXGroup;
			children = (
				31E00D710558B86AB287383F /* libPods-LearnRAC.a */,
			);
			name = Frameworks;
			sourceTree = "<group>";
		};
		D4B2AF2020EDFB290055B501 = {
			isa = PBXGroup;
			children = (
				D4B2AF4620EDFECA0055B501 /* RAC */,
				D4B2AF4220EDFB7A0055B501 /* Base */,
				D4B2AF2B20EDFB290055B501 /* LearnRAC */,
				D4B2AF2A20EDFB290055B501 /* Products */,
				E15C9CA5C0CFFC58C06CC6BC /* Pods */,
				26948C80B824FB56C3BB4927 /* Frameworks */,
			);
			sourceTree = "<group>";
		};
		D4B2AF2A20EDFB290055B501 /* Products */ = {
			isa = PBXGroup;
			children = (
				D4B2AF2920EDFB290055B501 /* LearnRAC.app */,
			);
			name = Products;
			sourceTree = "<group>";
		};
		D4B2AF2B20EDFB290055B501 /* LearnRAC */ = {
			isa = PBXGroup;
			children = (
				D4B2AF2C20EDFB290055B501 /* AppDelegate.h */,
				D4B2AF2D20EDFB290055B501 /* AppDelegate.m */,
				D4B2AF2F20EDFB290055B501 /* ViewController.h */,
				D4B2AF3020EDFB2A0055B501 /* ViewController.m */,
				D4B2AF3220EDFB2A0055B501 /* Main.storyboard */,
				D4B2AF3520EDFB2C0055B501 /* Assets.xcassets */,
				D4B2AF3720EDFB2C0055B501 /* LaunchScreen.storyboard */,
				D4B2AF3A20EDFB2C0055B501 /* Info.plist */,
				D4B2AF3B20EDFB2C0055B501 /* main.m */,
			);
			path = LearnRAC;
			sourceTree = "<group>";
		};
		D4B2AF4220EDFB7A0055B501 /* Base */ = {
			isa = PBXGroup;
			children = (
				D4B2AF4320EDFB9C0055B501 /* BaseTableViewVC.h */,
				D4B2AF4420EDFB9C0055B501 /* BaseTableViewVC.m */,
			);
			path = Base;
			sourceTree = "<group>";
		};
		D4B2AF4620EDFECA0055B501 /* RAC */ = {
			isa = PBXGroup;
			children = (
				D4B2AF6A20F45CFC0055B501 /* Swizzle */,
				D4B2AF5920F2F7D20055B501 /* DataBind */,
				D4B2AF4720EDFEE60055B501 /* KVOVC.h */,
				D4B2AF4820EDFEE60055B501 /* KVOVC.m */,
				D4B2AF4A20EE15FC0055B501 /* DelegateVC.h */,
				D4B2AF4B20EE15FC0055B501 /* DelegateVC.m */,
				D4B2AF4D20EE293A0055B501 /* EventVC.h */,
				D4B2AF4E20EE293A0055B501 /* EventVC.m */,
				D4B2AF5020EF094A0055B501 /* SignalVC.h */,
				D4B2AF5120EF094A0055B501 /* SignalVC.m */,
				D4B2AF5320EF50570055B501 /* TimerVC.h */,
				D4B2AF5420EF50570055B501 /* TimerVC.m */,
				D4B2AF5620EF54820055B501 /* SignalActionVC.h */,
				D4B2AF5720EF54820055B501 /* SignalActionVC.m */,
			);
			path = RAC;
			sourceTree = "<group>";
		};
		D4B2AF5920F2F7D20055B501 /* DataBind */ = {
			isa = PBXGroup;
			children = (
				D4B2AF5A20F2F7FE0055B501 /* Person.h */,
				D4B2AF5B20F2F7FE0055B501 /* Person.m */,
				D4B2AF5D20F2F8620055B501 /* PersonInfoVC.h */,
				D4B2AF5E20F2F8620055B501 /* PersonInfoVC.m */,
				D4B2AF5F20F2F8620055B501 /* PersonInfoVC.xib */,
				D4B2AF6220F2F87D0055B501 /* PersonInfoEditVC.h */,
				D4B2AF6320F2F87D0055B501 /* PersonInfoEditVC.m */,
				D4B2AF6420F2F87D0055B501 /* PersonInfoEditVC.xib */,
			);
			path = DataBind;
			sourceTree = "<group>";
		};
		D4B2AF6A20F45CFC0055B501 /* Swizzle */ = {
			isa = PBXGroup;
			children = (
				D4B2AF6B20F45D2F0055B501 /* TestSwizzle.h */,
				D4B2AF6C20F45D2F0055B501 /* TestSwizzle.m */,
			);
			path = Swizzle;
			sourceTree = "<group>";
		};
		E15C9CA5C0CFFC58C06CC6BC /* Pods */ = {
			isa = PBXGroup;
			children = (
				937910A95003093F4F7BABAA /* Pods-LearnRAC.debug.xcconfig */,
				21262561EA576CF54B609D88 /* Pods-LearnRAC.release.xcconfig */,
			);
			name = Pods;
			sourceTree = "<group>";
		};
/* End PBXGroup section */

/* Begin PBXNativeTarget section */
		D4B2AF2820EDFB290055B501 /* LearnRAC */ = {
			isa = PBXNativeTarget;
			buildConfigurationList = D4B2AF3F20EDFB2C0055B501 /* Build configuration list for PBXNativeTarget "LearnRAC" */;
			buildPhases = (
				B96A59DEB9A94E5DE4CF2A1E /* [CP] Check Pods Manifest.lock */,
				D4B2AF2520EDFB290055B501 /* Sources */,
				D4B2AF2620EDFB290055B501 /* Frameworks */,
				D4B2AF2720EDFB290055B501 /* Resources */,
			);
			buildRules = (
			);
			dependencies = (
			);
			name = LearnRAC;
			productName = LearnRAC;
			productReference = D4B2AF2920EDFB290055B501 /* LearnRAC.app */;
			productType = "com.apple.product-type.application";
		};
/* End PBXNativeTarget section */

/* Begin PBXProject section */
		D4B2AF2120EDFB290055B501 /* Project object */ = {
			isa = PBXProject;
			attributes = {
				LastUpgradeCheck = 0940;
				ORGANIZATIONNAME = com.learn;
				TargetAttributes = {
					D4B2AF2820EDFB290055B501 = {
						CreatedOnToolsVersion = 9.4.1;
					};
				};
			};
			buildConfigurationList = D4B2AF2420EDFB290055B501 /* Build configuration list for PBXProject "LearnRAC" */;
			compatibilityVersion = "Xcode 9.3";
			developmentRegion = en;
			hasScannedForEncodings = 0;
			knownRegions = (
				en,
				Base,
			);
			mainGroup = D4B2AF2020EDFB290055B501;
			productRefGroup = D4B2AF2A20EDFB290055B501 /* Products */;
			projectDirPath = "";
			projectRoot = "";
			targets = (
				D4B2AF2820EDFB290055B501 /* LearnRAC */,
			);
		};
/* End PBXProject section */

/* Begin PBXResourcesBuildPhase section */
		D4B2AF2720EDFB290055B501 /* Resources */ = {
			isa = PBXResourcesBuildPhase;
			buildActionMask = 2147483647;
			files = (
				D4B2AF6620F2F87D0055B501 /* PersonInfoEditVC.xib in Resources */,
				D4B2AF3920EDFB2C0055B501 /* LaunchScreen.storyboard in Resources */,
				D4B2AF6120F2F8620055B501 /* PersonInfoVC.xib in Resources */,
				D4B2AF3620EDFB2C0055B501 /* Assets.xcassets in Resources */,
				D4B2AF3420EDFB2A0055B501 /* Main.storyboard in Resources */,
			);
			runOnlyForDeploymentPostprocessing = 0;
		};
/* End PBXResourcesBuildPhase section */

/* Begin PBXShellScriptBuildPhase section */
		B96A59DEB9A94E5DE4CF2A1E /* [CP] Check Pods Manifest.lock */ = {
			isa = PBXShellScriptBuildPhase;
			buildActionMask = 2147483647;
			files = (
			);
			inputPaths = (
				"${PODS_PODFILE_DIR_PATH}/Podfile.lock",
				"${PODS_ROOT}/Manifest.lock",
			);
			name = "[CP] Check Pods Manifest.lock";
			outputPaths = (
				"$(DERIVED_FILE_DIR)/Pods-LearnRAC-checkManifestLockResult.txt",
			);
			runOnlyForDeploymentPostprocessing = 0;
			shellPath = /bin/sh;
			shellScript = "diff \"${PODS_PODFILE_DIR_PATH}/Podfile.lock\" \"${PODS_ROOT}/Manifest.lock\" > /dev/null\nif [ $? != 0 ] ; then\n    # print error to STDERR\n    echo \"error: The sandbox is not in sync with the Podfile.lock. Run 'pod install' or update your CocoaPods installation.\" >&2\n    exit 1\nfi\n# This output is used by Xcode 'outputs' to avoid re-running this script phase.\necho \"SUCCESS\" > \"${SCRIPT_OUTPUT_FILE_0}\"\n";
			showEnvVarsInLog = 0;
		};
/* End PBXShellScriptBuildPhase section */

/* Begin PBXSourcesBuildPhase section */
		D4B2AF2520EDFB290055B501 /* Sources */ = {
			isa = PBXSourcesBuildPhase;
			buildActionMask = 2147483647;
			files = (
				D4B2AF5820EF54820055B501 /* SignalActionVC.m in Sources */,
				D4B2AF6520F2F87D0055B501 /* PersonInfoEditVC.m in Sources */,
				D4B2AF6020F2F8620055B501 /* PersonInfoVC.m in Sources */,
				D4B2AF4F20EE293A0055B501 /* EventVC.m in Sources */,
				D4B2AF5C20F2F7FE0055B501 /* Person.m in Sources */,
				D4B2AF3120EDFB2A0055B501 /* ViewController.m in Sources */,
				D4B2AF4C20EE15FC0055B501 /* DelegateVC.m in Sources */,
				D4B2AF3C20EDFB2C0055B501 /* main.m in Sources */,
				D4B2AF5220EF094A0055B501 /* SignalVC.m in Sources */,
				D4B2AF4920EDFEE60055B501 /* KVOVC.m in Sources */,
				D4B2AF5520EF50570055B501 /* TimerVC.m in Sources */,
				D4B2AF2E20EDFB290055B501 /* AppDelegate.m in Sources */,
				D4B2AF6D20F45D2F0055B501 /* TestSwizzle.m in Sources */,
				D4B2AF4520EDFB9C0055B501 /* BaseTableViewVC.m in Sources */,
			);
			runOnlyForDeploymentPostprocessing = 0;
		};
/* End PBXSourcesBuildPhase section */

/* Begin PBXVariantGroup section */
		D4B2AF3220EDFB2A0055B501 /* Main.storyboard */ = {
			isa = PBXVariantGroup;
			children = (
				D4B2AF3320EDFB2A0055B501 /* Base */,
			);
			name = Main.storyboard;
			sourceTree = "<group>";
		};
		D4B2AF3720EDFB2C0055B501 /* LaunchScreen.storyboard */ = {
			isa = PBXVariantGroup;
			children = (
				D4B2AF3820EDFB2C0055B501 /* Base */,
			);
			name = LaunchScreen.storyboard;
			sourceTree = "<group>";
		};
/* End PBXVariantGroup section */

/* Begin XCBuildConfiguration section */
		D4B2AF3D20EDFB2C0055B501 /* Debug */ = {
			isa = XCBuildConfiguration;
			buildSettings = {
				ALWAYS_SEARCH_USER_PATHS = NO;
				CLANG_ANALYZER_NONNULL = YES;
				CLANG_ANALYZER_NUMBER_OBJECT_CONVERSION = YES_AGGRESSIVE;
				CLANG_CXX_LANGUAGE_STANDARD = "gnu++14";
				CLANG_CXX_LIBRARY = "libc++";
				CLANG_ENABLE_MODULES = YES;
				CLANG_ENABLE_OBJC_ARC = YES;
				CLANG_ENABLE_OBJC_WEAK = YES;
				CLANG_WARN_BLOCK_CAPTURE_AUTORELEASING = YES;
				CLANG_WARN_BOOL_CONVERSION = YES;
				CLANG_WARN_COMMA = YES;
				CLANG_WARN_CONSTANT_CONVERSION = YES;
				CLANG_WARN_DEPRECATED_OBJC_IMPLEMENTATIONS = YES;
				CLANG_WARN_DIRECT_OBJC_ISA_USAGE = YES_ERROR;
				CLANG_WARN_DOCUMENTATION_COMMENTS = YES;
				CLANG_WARN_EMPTY_BODY = YES;
				CLANG_WARN_ENUM_CONVERSION = YES;
				CLANG_WARN_INFINITE_RECURSION = YES;
				CLANG_WARN_INT_CONVERSION = YES;
				CLANG_WARN_NON_LITERAL_NULL_CONVERSION = YES;
				CLANG_WARN_OBJC_IMPLICIT_RETAIN_SELF = YES;
				CLANG_WARN_OBJC_LITERAL_CONVERSION = YES;
				CLANG_WARN_OBJC_ROOT_CLASS = YES_ERROR;
				CLANG_WARN_RANGE_LOOP_ANALYSIS = YES;
				CLANG_WARN_STRICT_PROTOTYPES = YES;
				CLANG_WARN_SUSPICIOUS_MOVE = YES;
				CLANG_WARN_UNGUARDED_AVAILABILITY = YES_AGGRESSIVE;
				CLANG_WARN_UNREACHABLE_CODE = YES;
				CLANG_WARN__DUPLICATE_METHOD_MATCH = YES;
				CODE_SIGN_IDENTITY = "iPhone Developer";
				COPY_PHASE_STRIP = NO;
				DEBUG_INFORMATION_FORMAT = dwarf;
				ENABLE_STRICT_OBJC_MSGSEND = YES;
				ENABLE_TESTABILITY = YES;
				GCC_C_LANGUAGE_STANDARD = gnu11;
				GCC_DYNAMIC_NO_PIC = NO;
				GCC_NO_COMMON_BLOCKS = YES;
				GCC_OPTIMIZATION_LEVEL = 0;
				GCC_PREPROCESSOR_DEFINITIONS = (
					"DEBUG=1",
					"$(inherited)",
				);
				GCC_WARN_64_TO_32_BIT_CONVERSION = YES;
				GCC_WARN_ABOUT_RETURN_TYPE = YES_ERROR;
				GCC_WARN_UNDECLARED_SELECTOR = YES;
				GCC_WARN_UNINITIALIZED_AUTOS = YES_AGGRESSIVE;
				GCC_WARN_UNUSED_FUNCTION = YES;
				GCC_WARN_UNUSED_VARIABLE = YES;
				IPHONEOS_DEPLOYMENT_TARGET = 11.4;
				MTL_ENABLE_DEBUG_INFO = YES;
				ONLY_ACTIVE_ARCH = YES;
				SDKROOT = iphoneos;
			};
			name = Debug;
		};
		D4B2AF3E20EDFB2C0055B501 /* Release */ = {
			isa = XCBuildConfiguration;
			buildSettings = {
				ALWAYS_SEARCH_USER_PATHS = NO;
				CLANG_ANALYZER_NONNULL = YES;
				CLANG_ANALYZER_NUMBER_OBJECT_CONVERSION = YES_AGGRESSIVE;
				CLANG_CXX_LANGUAGE_STANDARD = "gnu++14";
				CLANG_CXX_LIBRARY = "libc++";
				CLANG_ENABLE_MODULES = YES;
				CLANG_ENABLE_OBJC_ARC = YES;
				CLANG_ENABLE_OBJC_WEAK = YES;
				CLANG_WARN_BLOCK_CAPTURE_AUTORELEASING = YES;
				CLANG_WARN_BOOL_CONVERSION = YES;
				CLANG_WARN_COMMA = YES;
				CLANG_WARN_CONSTANT_CONVERSION = YES;
				CLANG_WARN_DEPRECATED_OBJC_IMPLEMENTATIONS = YES;
				CLANG_WARN_DIRECT_OBJC_ISA_USAGE = YES_ERROR;
				CLANG_WARN_DOCUMENTATION_COMMENTS = YES;
				CLANG_WARN_EMPTY_BODY = YES;
				CLANG_WARN_ENUM_CONVERSION = YES;
				CLANG_WARN_INFINITE_RECURSION = YES;
				CLANG_WARN_INT_CONVERSION = YES;
				CLANG_WARN_NON_LITERAL_NULL_CONVERSION = YES;
				CLANG_WARN_OBJC_IMPLICIT_RETAIN_SELF = YES;
				CLANG_WARN_OBJC_LITERAL_CONVERSION = YES;
				CLANG_WARN_OBJC_ROOT_CLASS = YES_ERROR;
				CLANG_WARN_RANGE_LOOP_ANALYSIS = YES;
				CLANG_WARN_STRICT_PROTOTYPES = YES;
				CLANG_WARN_SUSPICIOUS_MOVE = YES;
				CLANG_WARN_UNGUARDED_AVAILABILITY = YES_AGGRESSIVE;
				CLANG_WARN_UNREACHABLE_CODE = YES;
				CLANG_WARN__DUPLICATE_METHOD_MATCH = YES;
				CODE_SIGN_IDENTITY = "iPhone Developer";
				COPY_PHASE_STRIP = NO;
				DEBUG_INFORMATION_FORMAT = "dwarf-with-dsym";
				ENABLE_NS_ASSERTIONS = NO;
				ENABLE_STRICT_OBJC_MSGSEND = YES;
				GCC_C_LANGUAGE_STANDARD = gnu11;
				GCC_NO_COMMON_BLOCKS = YES;
				GCC_WARN_64_TO_32_BIT_CONVERSION = YES;
				GCC_WARN_ABOUT_RETURN_TYPE = YES_ERROR;
				GCC_WARN_UNDECLARED_SELECTOR = YES;
				GCC_WARN_UNINITIALIZED_AUTOS = YES_AGGRESSIVE;
				GCC_WARN_UNUSED_FUNCTION = YES;
				GCC_WARN_UNUSED_VARIABLE = YES;
				IPHONEOS_DEPLOYMENT_TARGET = 11.4;
				MTL_ENABLE_DEBUG_INFO = NO;
				SDKROOT = iphoneos;
				VALIDATE_PRODUCT = YES;
			};
			name = Release;
		};
		D4B2AF4020EDFB2C0055B501 /* Debug */ = {
			isa = XCBuildConfiguration;
			baseConfigurationReference = 937910A95003093F4F7BABAA /* Pods-LearnRAC.debug.xcconfig */;
			buildSettings = {
				ASSETCATALOG_COMPILER_APPICON_NAME = AppIcon;
				CODE_SIGN_STYLE = Automatic;
				INFOPLIST_FILE = LearnRAC/Info.plist;
				LD_RUNPATH_SEARCH_PATHS = (
					"$(inherited)",
					"@executable_path/Frameworks",
				);
				PRODUCT_BUNDLE_IDENTIFIER = com.learn.LearnRAC;
				PRODUCT_NAME = "$(TARGET_NAME)";
				TARGETED_DEVICE_FAMILY = "1,2";
			};
			name = Debug;
		};
		D4B2AF4120EDFB2C0055B501 /* Release */ = {
			isa = XCBuildConfiguration;
			baseConfigurationReference = 21262561EA576CF54B609D88 /* Pods-LearnRAC.release.xcconfig */;
			buildSettings = {
				ASSETCATALOG_COMPILER_APPICON_NAME = AppIcon;
				CODE_SIGN_STYLE = Automatic;
				INFOPLIST_FILE = LearnRAC/Info.plist;
				LD_RUNPATH_SEARCH_PATHS = (
					"$(inherited)",
					"@executable_path/Frameworks",
				);
				PRODUCT_BUNDLE_IDENTIFIER = com.learn.LearnRAC;
				PRODUCT_NAME = "$(TARGET_NAME)";
				TARGETED_DEVICE_FAMILY = "1,2";
			};
			name = Release;
		};
/* End XCBuildConfiguration section */

/* Begin XCConfigurationList section */
		D4B2AF2420EDFB290055B501 /* Build configuration list for PBXProject "LearnRAC" */ = {
			isa = XCConfigurationList;
			buildConfigurations = (
				D4B2AF3D20EDFB2C0055B501 /* Debug */,
				D4B2AF3E20EDFB2C0055B501 /* Release */,
			);
			defaultConfigurationIsVisible = 0;
			defaultConfigurationName = Release;
		};
		D4B2AF3F20EDFB2C0055B501 /* Build configuration list for PBXNativeTarget "LearnRAC" */ = {
			isa = XCConfigurationList;
			buildConfigurations = (
				D4B2AF4020EDFB2C0055B501 /* Debug */,
				D4B2AF4120EDFB2C0055B501 /* Release */,
			);
			defaultConfigurationIsVisible = 0;
			defaultConfigurationName = Release;
		};
/* End XCConfigurationList section */
	};
	rootObject = D4B2AF2120EDFB290055B501 /* Project object */;
}
